<?xml version="1.0" encoding="utf-8"?>
<Project ToolsVersion="4.0" xmlns="http://schemas.microsoft.com/developer/msbuild/2003">
  <ItemGroup>
    <Filter Include="Source Files">
      <UniqueIdentifier>{4FC737F1-C7A5-4376-A066-2A32D752A2FF}</UniqueIdentifier>
      <Extensions>cpp;c;cc;cxx;c++;cppm;ixx;def;odl;idl;hpj;bat;asm;asmx</Extensions>
    </Filter>
    <Filter Include="Header Files">
      <UniqueIdentifier>{93995380-89BD-4b04-88EB-625FBE52EBFB}</UniqueIdentifier>
      <Extensions>h;hh;hpp;hxx;h++;hm;inl;inc;ipp;xsd</Extensions>
    </Filter>
    <Filter Include="Resource Files">
      <UniqueIdentifier>{67DA6AB6-F800-4c08-8B7A-83BB121AAD01}</UniqueIdentifier>
      <Extensions>rc;ico;cur;bmp;dlg;rc2;rct;bin;rgs;gif;jpg;jpeg;jpe;resx;tiff;tif;png;wav;mfcribbon-ms</Extensions>
    </Filter>
    <Filter Include="Personajes">
      <UniqueIdentifier>{2b43fada-2949-4870-b0c9-9d45766899ce}</UniqueIdentifier>
    </Filter>
  </ItemGroup>
  <ItemGroup>
    <ClCompile Include="MenuJuego.cpp">
      <Filter>Source Files</Filter>
    </ClCompile>
  </ItemGroup>
  <ItemGroup>
    <ClInclude Include="Juego.h">
      <Filter>Header Files</Filter>
    </ClInclude>
    <ClInclude Include="Coin.h">
      <Filter>Header Files</Filter>
    </ClInclude>
    <ClInclude Include="VectorCoins.h">
      <Filter>Header Files</Filter>
    </ClInclude>
    <ClInclude Include="Bebe.h">
      <Filter>Personajes</Filter>
    </ClInclude>
    <ClInclude Include="Jugador.h">
      <Filter>Personajes</Filter>
    </ClInclude>
    <ClInclude Include="Caracter.h">
      <Filter>Personajes</Filter>
    </ClInclude>
    <ClInclude Include="Vacuna.h">
      <Filter>Header Files</Filter>
    </ClInclude>
    <ClInclude Include="VectorVacunas.h">
      <Filter>Header Files</Filter>
    </ClInclude>
    <ClInclude Include="MenuJuego.h">
      <Filter>Header Files</Filter>
    </ClInclude>
    <ClInclude Include="Oshawott.h">
      <Filter>Personajes</Filter>
    </ClInclude>
    <ClInclude Include="VectorOshawott.h">
      <Filter>Header Files</Filter>
    </ClInclude>
    <ClInclude Include="VectorBebes.h">
      <Filter>Header Files</Filter>
    </ClInclude>
    <ClInclude Include="Aliado.h">
      <Filter>Personajes</Filter>
    </ClInclude>
  </ItemGroup>
  <ItemGroup>
    <Image Include="Recursos\Bebes.png">
      <Filter>Resource Files</Filter>
    </Image>
    <Image Include="..\..\TrabajoFinal\Recursos\Doctor.png">
      <Filter>Resource Files</Filter>
    </Image>
    <Image Include="Recursos\Imagenes\BigBabies.png">
      <Filter>Resource Files</Filter>
    </Image>
    <Image Include="Recursos\Imagenes\Campo_de_concentracion.png">
      <Filter>Resource Files</Filter>
    </Image>
    <Image Include="Recursos\Imagenes\FondoMenu.png">
      <Filter>Resource Files</Filter>
    </Image>
    <Image Include="Recursos\Imagenes\Monedas.png">
      <Filter>Resource Files</Filter>
    </Image>
    <Image Include="Recursos\Imagenes\Oshawott.png">
      <Filter>Resource Files</Filter>
    </Image>
    <Image Include="Recursos\Imagenes\Vacuna.png">
      <Filter>Resource Files</Filter>
    </Image>
  </ItemGroup>
</Project>